
Microsoft Visual Studio Solution File, Format Version 12.00
# Visual Studio Version 17
VisualStudioVersion = 17.0.31903.59
MinimumVisualStudioVersion = 10.0.40219.1
Project("{2150E333-8FDC-42A3-9474-1A3956D46DE8}") = "src", "src", "{7200DECA-36CA-4025-A2FD-9ED32F922ADE}"
EndProject
Project("{9A19103F-16F7-4668-BE54-9A1E7A4F7556}") = "UrlShortener.WebApi", "src\UrlShortener.WebApi\UrlShortener.WebApi.csproj", "{CADD436E-F839-4639-808B-F19D28B8502D}"
EndProject
Project("{9A19103F-16F7-4668-BE54-9A1E7A4F7556}") = "UrlShortener.Core", "src\UrlShortener.Core\UrlShortener.Core.csproj", "{436D39F1-C471-4D79-8294-BB34FC440660}"
EndProject
Project("{9A19103F-16F7-4668-BE54-9A1E7A4F7556}") = "UrlShortener.Infrastructure", "src\UrlShortener.Infrastructure\UrlShortener.Infrastructure.csproj", "{5AFAA7CB-0C4B-4BFB-A431-CF17BE0ADEB1}"
EndProject
Project("{2150E333-8FDC-42A3-9474-1A3956D46DE8}") = "tests", "tests", "{AD78BD38-C536-4655-8D4A-849BD1F80123}"
EndProject
Project("{9A19103F-16F7-4668-BE54-9A1E7A4F7556}") = "UrlShortener.WebApi.UnitTests", "tests\UrlShortener.WebApi.UnitTests\UrlShortener.WebApi.UnitTests.csproj", "{B1E2AD67-56AF-4193-B30C-A730094AD79F}"
EndProject
Project("{9A19103F-16F7-4668-BE54-9A1E7A4F7556}") = "UrlShortener.Infrastructure.UnitTests", "tests\UrlShortener.Infrastructure.UnitTests\UrlShortener.Infrastructure.UnitTests.csproj", "{488FF20E-A736-4FFE-9E3C-49329931BCC2}"
EndProject
Global
	GlobalSection(SolutionConfigurationPlatforms) = preSolution
		Debug|Any CPU = Debug|Any CPU
		Release|Any CPU = Release|Any CPU
	EndGlobalSection
	GlobalSection(ProjectConfigurationPlatforms) = postSolution
		{CADD436E-F839-4639-808B-F19D28B8502D}.Debug|Any CPU.ActiveCfg = Debug|Any CPU
		{CADD436E-F839-4639-808B-F19D28B8502D}.Debug|Any CPU.Build.0 = Debug|Any CPU
		{CADD436E-F839-4639-808B-F19D28B8502D}.Release|Any CPU.ActiveCfg = Release|Any CPU
		{CADD436E-F839-4639-808B-F19D28B8502D}.Release|Any CPU.Build.0 = Release|Any CPU
		{436D39F1-C471-4D79-8294-BB34FC440660}.Debug|Any CPU.ActiveCfg = Debug|Any CPU
		{436D39F1-C471-4D79-8294-BB34FC440660}.Debug|Any CPU.Build.0 = Debug|Any CPU
		{436D39F1-C471-4D79-8294-BB34FC440660}.Release|Any CPU.ActiveCfg = Release|Any CPU
		{436D39F1-C471-4D79-8294-BB34FC440660}.Release|Any CPU.Build.0 = Release|Any CPU
		{5AFAA7CB-0C4B-4BFB-A431-CF17BE0ADEB1}.Debug|Any CPU.ActiveCfg = Debug|Any CPU
		{5AFAA7CB-0C4B-4BFB-A431-CF17BE0ADEB1}.Debug|Any CPU.Build.0 = Debug|Any CPU
		{5AFAA7CB-0C4B-4BFB-A431-CF17BE0ADEB1}.Release|Any CPU.ActiveCfg = Release|Any CPU
		{5AFAA7CB-0C4B-4BFB-A431-CF17BE0ADEB1}.Release|Any CPU.Build.0 = Release|Any CPU
		{B1E2AD67-56AF-4193-B30C-A730094AD79F}.Debug|Any CPU.ActiveCfg = Debug|Any CPU
		{B1E2AD67-56AF-4193-B30C-A730094AD79F}.Debug|Any CPU.Build.0 = Debug|Any CPU
		{B1E2AD67-56AF-4193-B30C-A730094AD79F}.Release|Any CPU.ActiveCfg = Release|Any CPU
		{B1E2AD67-56AF-4193-B30C-A730094AD79F}.Release|Any CPU.Build.0 = Release|Any CPU
		{488FF20E-A736-4FFE-9E3C-49329931BCC2}.Debug|Any CPU.ActiveCfg = Debug|Any CPU
		{488FF20E-A736-4FFE-9E3C-49329931BCC2}.Debug|Any CPU.Build.0 = Debug|Any CPU
		{488FF20E-A736-4FFE-9E3C-49329931BCC2}.Release|Any CPU.ActiveCfg = Release|Any CPU
		{488FF20E-A736-4FFE-9E3C-49329931BCC2}.Release|Any CPU.Build.0 = Release|Any CPU
	EndGlobalSection
	GlobalSection(SolutionProperties) = preSolution
		HideSolutionNode = FALSE
	EndGlobalSection
	GlobalSection(NestedProjects) = preSolution
		{CADD436E-F839-4639-808B-F19D28B8502D} = {7200DECA-36CA-4025-A2FD-9ED32F922ADE}
		{436D39F1-C471-4D79-8294-BB34FC440660} = {7200DECA-36CA-4025-A2FD-9ED32F922ADE}
		{5AFAA7CB-0C4B-4BFB-A431-CF17BE0ADEB1} = {7200DECA-36CA-4025-A2FD-9ED32F922ADE}
		{B1E2AD67-56AF-4193-B30C-A730094AD79F} = {AD78BD38-C536-4655-8D4A-849BD1F80123}
		{488FF20E-A736-4FFE-9E3C-49329931BCC2} = {AD78BD38-C536-4655-8D4A-849BD1F80123}
	EndGlobalSection
	GlobalSection(ExtensibilityGlobals) = postSolution
		SolutionGuid = {F3E4EB28-201F-4875-B8E8-6350793E7B38}
	EndGlobalSection
EndGlobal
